
Microsoft Visual Studio Solution File, Format Version 12.00
# Visual Studio Version 16
VisualStudioVersion = 16.0.29001.49
MinimumVisualStudioVersion = 10.0.40219.1
Project("{8BC9CEB8-8B4A-11D0-8D11-00A0C91BC942}") = "Abstract Factory", "Abstract Factory\Abstract Factory.vcxproj", "{B3A7E20D-21C2-4D89-876F-A5917C889489}"
EndProject
Global
	GlobalSection(SolutionConfigurationPlatforms) = preSolution
		Debug|x64 = Debug|x64
		Debug|x86 = Debug|x86
		Release|x64 = Release|x64
		Release|x86 = Release|x86
	EndGlobalSection
	GlobalSection(ProjectConfigurationPlatforms) = postSolution
		{B3A7E20D-21C2-4D89-876F-A5917C889489}.Debug|x64.ActiveCfg = Debug|x64
		{B3A7E20D-21C2-4D89-876F-A5917C889489}.Debug|x64.Build.0 = Debug|x64
		{B3A7E20D-21C2-4D89-876F-A5917C889489}.Debug|x86.ActiveCfg = Debug|Win32
		{B3A7E20D-21C2-4D89-876F-A5917C889489}.Debug|x86.Build.0 = Debug|Win32
		{B3A7E20D-21C2-4D89-876F-A5917C889489}.Release|x64.ActiveCfg = Release|x64
		{B3A7E20D-21C2-4D89-876F-A5917C889489}.Release|x64.Build.0 = Release|x64
		{B3A7E20D-21C2-4D89-876F-A5917C889489}.Release|x86.ActiveCfg = Release|Win32
		{B3A7E20D-21C2-4D89-876F-A5917C889489}.Release|x86.Build.0 = Release|Win32
	EndGlobalSection
	GlobalSection(SolutionProperties) = preSolution
		HideSolutionNode = FALSE
	EndGlobalSection
	GlobalSection(ExtensibilityGlobals) = postSolution
		SolutionGuid = {82F47552-D1D5-4BD0-94BA-02FBC0C4D76B}
	EndGlobalSection
EndGlobal
